
Microsoft Visual Studio Solution File, Format Version 12.00
# Visual Studio Version 17
VisualStudioVersion = 17.14.36930.0 d17.14
MinimumVisualStudioVersion = 10.0.40219.1
Project("{FAE04EC0-301F-11D3-BF4B-00C04F79EFBC}") = "AMS_DBTC_Frontend", "AMS_DBTC_Frontend\AMS_DBTC_Frontend.csproj", "{8CF896D0-8918-4696-938B-C79695323FEF}"
EndProject
Global
	GlobalSection(SolutionConfigurationPlatforms) = preSolution
		Debug|Any CPU = Debug|Any CPU
		Release|Any CPU = Release|Any CPU
	EndGlobalSection
	GlobalSection(ProjectConfigurationPlatforms) = postSolution
		{8CF896D0-8918-4696-938B-C79695323FEF}.Debug|Any CPU.ActiveCfg = Debug|Any CPU
		{8CF896D0-8918-4696-938B-C79695323FEF}.Debug|Any CPU.Build.0 = Debug|Any CPU
		{8CF896D0-8918-4696-938B-C79695323FEF}.Release|Any CPU.ActiveCfg = Release|Any CPU
		{8CF896D0-8918-4696-938B-C79695323FEF}.Release|Any CPU.Build.0 = Release|Any CPU
	EndGlobalSection
	GlobalSection(SolutionProperties) = preSolution
		HideSolutionNode = FALSE
	EndGlobalSection
	GlobalSection(ExtensibilityGlobals) = postSolution
		SolutionGuid = {0F89B0EA-2153-4275-BFC6-A4BA481B3310}
	EndGlobalSection
EndGlobal
